<?xml version="1.0" encoding="utf-8"?>
<Project ToolsVersion="4.0" xmlns="http://schemas.microsoft.com/developer/msbuild/2003">
  <ItemGroup>
    <Filter Include="Source">
      <UniqueIdentifier>{cb1e4630-2cbf-43c7-9e45-f1e9b0cb754a}</UniqueIdentifier>
    </Filter>
    <Filter Include="Headers">
      <UniqueIdentifier>{246380b1-5d02-4ae8-9c0f-7b1d96cb3a4b}</UniqueIdentifier>
    </Filter>
  </ItemGroup>
  <ItemGroup>
    <ClCompile Include="..\..\code\main.cpp">
      <Filter>Source</Filter>
    </ClCompile>
    <ClCompile Include="..\..\code\Model2D.cpp">
      <Filter>Source</Filter>
    </ClCompile>
    <ClCompile Include="..\..\code\Planet2D.cpp">
      <Filter>Source</Filter>
    </ClCompile>
  </ItemGroup>
  <ItemGroup>
    <ClInclude Include="..\..\code\headers\Algorithms.hpp">
      <Filter>Headers</Filter>
    </ClInclude>
    <ClInclude Include="..\..\code\headers\Coordinates.hpp">
      <Filter>Headers</Filter>
    </ClInclude>
    <ClInclude Include="..\..\code\headers\macros.hpp">
      <Filter>Headers</Filter>
    </ClInclude>
    <ClInclude Include="..\..\code\headers\Matrix.hpp">
      <Filter>Headers</Filter>
    </ClInclude>
    <ClInclude Include="..\..\code\headers\Model2D.hpp">
      <Filter>Headers</Filter>
    </ClInclude>
    <ClInclude Include="..\..\code\headers\Point.hpp">
      <Filter>Headers</Filter>
    </ClInclude>
    <ClInclude Include="..\..\code\headers\Rotation.hpp">
      <Filter>Headers</Filter>
    </ClInclude>
    <ClInclude Include="..\..\code\headers\Scaling.hpp">
      <Filter>Headers</Filter>
    </ClInclude>
    <ClInclude Include="..\..\code\headers\Transformation.hpp">
      <Filter>Headers</Filter>
    </ClInclude>
    <ClInclude Include="..\..\code\headers\Translation.hpp">
      <Filter>Headers</Filter>
    </ClInclude>
    <ClInclude Include="..\..\code\headers\types.hpp">
      <Filter>Headers</Filter>
    </ClInclude>
    <ClInclude Include="..\..\code\headers\Vector.hpp">
      <Filter>Headers</Filter>
    </ClInclude>
    <ClInclude Include="..\..\code\headers\Planet2D.hpp">
      <Filter>Headers</Filter>
    </ClInclude>
  </ItemGroup>
</Project>